
Microsoft Visual Studio Solution File, Format Version 12.00
# Visual Studio Version 17
VisualStudioVersion = 17.13.35931.197 d17.13
MinimumVisualStudioVersion = 10.0.40219.1
Project("{FAE04EC0-301F-11D3-BF4B-00C04F79EFBC}") = "dotNetGitHubAssignment", "dotNetGitHubAssignment.csproj", "{207642AE-B6C8-4967-9549-D01631CEA272}"
EndProject
Global
	GlobalSection(SolutionConfigurationPlatforms) = preSolution
		Debug|Any CPU = Debug|Any CPU
		Release|Any CPU = Release|Any CPU
	EndGlobalSection
	GlobalSection(ProjectConfigurationPlatforms) = postSolution
		{207642AE-B6C8-4967-9549-D01631CEA272}.Debug|Any CPU.ActiveCfg = Debug|Any CPU
		{207642AE-B6C8-4967-9549-D01631CEA272}.Debug|Any CPU.Build.0 = Debug|Any CPU
		{207642AE-B6C8-4967-9549-D01631CEA272}.Release|Any CPU.ActiveCfg = Release|Any CPU
		{207642AE-B6C8-4967-9549-D01631CEA272}.Release|Any CPU.Build.0 = Release|Any CPU
	EndGlobalSection
	GlobalSection(SolutionProperties) = preSolution
		HideSolutionNode = FALSE
	EndGlobalSection
	GlobalSection(ExtensibilityGlobals) = postSolution
		SolutionGuid = {B05D8C5C-483B-4C0F-91C7-227BB6B4FA66}
	EndGlobalSection
EndGlobal
